
Microsoft Visual Studio Solution File, Format Version 12.00
# Visual Studio Version 17
VisualStudioVersion = 17.0.31903.59
MinimumVisualStudioVersion = 10.0.40219.1
Project("{FAE04EC0-301F-11D3-BF4B-00C04F79EFBC}") = "BenchMark", "BenchMark\BenchMark.csproj", "{97305CF2-B9F0-4769-B970-0052C15984FB}"
EndProject
Project("{FAE04EC0-301F-11D3-BF4B-00C04F79EFBC}") = "PracticeAlgorithm", "PracticeAlgorithm\PracticeAlgorithm.csproj", "{A2D1E787-8A37-446D-AADC-DE371FBCCDCC}"
EndProject
Global
	GlobalSection(SolutionConfigurationPlatforms) = preSolution
		Debug|Any CPU = Debug|Any CPU
		Release|Any CPU = Release|Any CPU
	EndGlobalSection
	GlobalSection(SolutionProperties) = preSolution
		HideSolutionNode = FALSE
	EndGlobalSection
	GlobalSection(ProjectConfigurationPlatforms) = postSolution
		{97305CF2-B9F0-4769-B970-0052C15984FB}.Debug|Any CPU.ActiveCfg = Debug|Any CPU
		{97305CF2-B9F0-4769-B970-0052C15984FB}.Debug|Any CPU.Build.0 = Debug|Any CPU
		{97305CF2-B9F0-4769-B970-0052C15984FB}.Release|Any CPU.ActiveCfg = Release|Any CPU
		{97305CF2-B9F0-4769-B970-0052C15984FB}.Release|Any CPU.Build.0 = Release|Any CPU
		{A2D1E787-8A37-446D-AADC-DE371FBCCDCC}.Debug|Any CPU.ActiveCfg = Debug|Any CPU
		{A2D1E787-8A37-446D-AADC-DE371FBCCDCC}.Debug|Any CPU.Build.0 = Debug|Any CPU
		{A2D1E787-8A37-446D-AADC-DE371FBCCDCC}.Release|Any CPU.ActiveCfg = Release|Any CPU
		{A2D1E787-8A37-446D-AADC-DE371FBCCDCC}.Release|Any CPU.Build.0 = Release|Any CPU
	EndGlobalSection
EndGlobal
