
Microsoft Visual Studio Solution File, Format Version 12.00
# Visual Studio Version 17
VisualStudioVersion = 17.5.002.0
MinimumVisualStudioVersion = 10.0.40219.1
Project("{9A19103F-16F7-4668-BE54-9A1E7A4F7556}") = "PracticeAlgorithm", "PracticeAlgorithm.csproj", "{3766729F-D65D-4D84-871D-7FA51CA90E92}"
EndProject
Global
	GlobalSection(SolutionConfigurationPlatforms) = preSolution
		Debug|Any CPU = Debug|Any CPU
		Release|Any CPU = Release|Any CPU
	EndGlobalSection
	GlobalSection(ProjectConfigurationPlatforms) = postSolution
		{3766729F-D65D-4D84-871D-7FA51CA90E92}.Debug|Any CPU.ActiveCfg = Debug|Any CPU
		{3766729F-D65D-4D84-871D-7FA51CA90E92}.Debug|Any CPU.Build.0 = Debug|Any CPU
		{3766729F-D65D-4D84-871D-7FA51CA90E92}.Release|Any CPU.ActiveCfg = Release|Any CPU
		{3766729F-D65D-4D84-871D-7FA51CA90E92}.Release|Any CPU.Build.0 = Release|Any CPU
	EndGlobalSection
	GlobalSection(SolutionProperties) = preSolution
		HideSolutionNode = FALSE
	EndGlobalSection
	GlobalSection(ExtensibilityGlobals) = postSolution
		SolutionGuid = {675A8094-7FE2-47B7-959A-A6E63EEC7375}
	EndGlobalSection
EndGlobal
